bitbucket.org/i0n/compounda v0.0.0-20180217193440-5a99dffdaaff h1:EXo6LQsq7HpZ/m+37LSvlksYT/XC9nrqt7PdmZakK2Q=
bitbucket.org/i0n/compounda v0.0.0-20180217193440-5a99dffdaaff/go.mod h1:MhpkYg79ryqK62SD06oC7Jo8YSaqJDfR5X0qMqhhYEY=
github.com/btcsuite/goleveldb v1.0.0 h1:Tvd0BfvqX9o823q1j2UZ/epQo09eJh6dTcRp79ilIN4=
github.com/btcsuite/goleveldb v1.0.0/go.mod h1:QiK9vBlgftBg6rWQIj6wFzbPfRjiykIEhBH4obrXJ/I=
github.com/btcsuite/snappy-go v1.0.0/go.mod h1:8woku9dyThutzjeg+3xrA5iCpBRH8XEEg3lh6TiUghc=
github.com/cenkalti/backoff v2.0.0+incompatible h1:5IIPUHhlnUZbcHQsQou5k1Tn58nJkeJL9U+ig5CHJbY=
github.com/cenkalti/backoff v2.0.0+incompatible/go.mod h1:90ReRw6GdpyfrHakVjL/QHaoyV4aDUVVkXQJJJ3NXXM=
github.com/davecgh/go-spew v1.1.1 h1:vj9j/u1bqnvCEfJOwUhtlOARqs3+rkHYY13jYWTU97c=
github.com/davecgh/go-spew v1.1.1/go.mod h1:J7Y8YcW2NihsgmVo/mv3lAwl/skON4iLHjSsI+c5H38=
github.com/gorilla/websocket v1.4.0 h1:WDFjx/TMzVgy9VdMMQi2K2Emtwi2QcUQsztZ/zLaH/Q=
github.com/gorilla/websocket v1.4.0/go.mod h1:E7qHFY5m1UJ88s3WnNqhKjPHQ0heANvMoAMk2YaljkQ=
github.com/i0n/GoEx v0.0.0-20180217193507-f60bc546ac01 h1:5NpR4V9TnPN+C62Yx2m/imYV2pXA4rwmFJxAWnE36eM=
github.com/i0n/GoEx v0.0.0-20180217193507-f60bc546ac01/go.mod h1:6cSWe+RVrf+mDxcQpw+i7WSdfKIsEGg8+UrZ3H8nI64=
github.com/i0n/crypto-addresses v0.0.0-20180920213750-697cbe4601b9 h1:RLEtpo9CLI+o8ID24mI8sRfyUat5gc8FrgKURV7Rckg=
github.com/i0n/crypto-addresses v0.0.0-20180920213750-697cbe4601b9/go.mod h1:arKhKdiPlAqpIsJzlVvBepjDyjXry9U2V5BdVlHP9ik=
github.com/i0n/crypto-addresses v0.0.0-20180921005546-a7ef5211c35b h1:R0BbtHBJfWh6pgt6hYtKHSZ/llgIEhs1BETxhPK8hmg=
github.com/i0n/crypto-addresses v0.0.0-20180921005546-a7ef5211c35b/go.mod h1:arKhKdiPlAqpIsJzlVvBepjDyjXry9U2V5BdVlHP9ik=
github.com/nntaoli-project/GoEx v0.0.0-20180907090022-2ff0dbddf62e h1:mkOJXdtYamB+zm2AeKR8By6cxZC28RzHTU/RocX9loU=
github.com/nntaoli-project/GoEx v0.0.0-20180907090022-2ff0dbddf62e/go.mod h1:ze3baaMG59EjqNH5kLe2GyYprfs27Ch30Xl+PTQe014=
github.com/onsi/ginkgo v1.6.0/go.mod h1:lLunBs/Ym6LB5Z9jYTR76FiuTmxDTDusOGeTQH+WWjE=
github.com/onsi/gomega v1.4.1/go.mod h1:C1qb7wdrVGGVU+Z6iS04AVkA3Q65CEZX59MT0QO5uiA=
github.com/pmezard/go-difflib v1.0.0 h1:4DBwDE0NGyQoBHbLQYPwSUPoCMWR5BEzIk/f1lZbAQM=
github.com/pmezard/go-difflib v1.0.0/go.mod h1:iKH77koFhYxTK1pcRnkKkqfTogsbg7gZNVY4sRDYZ/4=
github.com/stretchr/objx v0.1.1 h1:2vfRuCMp5sSVIDSqO8oNnWJq7mPa6KVP3iPIwFBuy8A=
github.com/stretchr/objx v0.1.1/go.mod h1:HFkY916IF+rwdDfMAkV7OtwuqBVzrE8GR6GFx+wExME=
github.com/stretchr/testify v1.2.2 h1:bSDNvY7ZPG5RlJ8otE/7V6gMiyenm9RtJ7IUVIAoJ1w=
github.com/stretchr/testify v1.2.2/go.mod h1:a8OnRcib4nhh0OaRAV+Yts87kKdq0PP7pXfy6kDkUVs=
golang.org/x/net v0.0.0-20180719180050-a680a1efc54d/go.mod h1:mL1N/T3taQHkDXs73rZJwtUhF3w3ftmwwsq0BUmARs4=
golang.org/x/net v0.0.0-20180911220305-26e67e76b6c3 h1:czFLhve3vsQetD6JOJ8NZZvGQIXlnN3/yXxbT6/awxI=
golang.org/x/net v0.0.0-20180911220305-26e67e76b6c3/go.mod h1:mL1N/T3taQHkDXs73rZJwtUhF3w3ftmwwsq0BUmARs4=
golang.org/x/text v0.3.0/go.mod h1:NqM8EUOU14njkJ3fqMW+pc6Ldnwhi/IjpwHt7yyuwOQ=
gopkg.in/check.v1 v0.0.0-20161208181325-20d25e280405 h1:yhCVgyC4o1eVCa2tZl7eS0r+SDo693bJlVdllGtEeKM=
gopkg.in/check.v1 v0.0.0-20161208181325-20d25e280405/go.mod h1:Co6ibVJAznAaIkqp8huTwlJQCZ016jof/cbN4VW5Yz0=
gopkg.in/yaml.v2 v2.2.1 h1:mUhvW9EsL+naU5Q3cakzfE91YhliOondGd6ZrsDBHQE=
gopkg.in/yaml.v2 v2.2.1/go.mod h1:hI93XBmqTisBFMUTm0b8Fm+jr3Dg1NNxqwp+5A1VGuI=
